
Microsoft Visual Studio Solution File, Format Version 12.00
# Visual Studio Version 16
VisualStudioVersion = 16.0.30011.22
MinimumVisualStudioVersion = 10.0.40219.1
Project("{FAE04EC0-301F-11D3-BF4B-00C04F79EFBC}") = "DIRemould_NamedService", "DIRemould_NamedService.csproj", "{933C3722-7FBE-4D3A-AAF7-169F7D238E01}"
EndProject
Global
	GlobalSection(SolutionConfigurationPlatforms) = preSolution
		Debug|Any CPU = Debug|Any CPU
		Release|Any CPU = Release|Any CPU
	EndGlobalSection
	GlobalSection(ProjectConfigurationPlatforms) = postSolution
		{933C3722-7FBE-4D3A-AAF7-169F7D238E01}.Debug|Any CPU.ActiveCfg = Debug|Any CPU
		{933C3722-7FBE-4D3A-AAF7-169F7D238E01}.Debug|Any CPU.Build.0 = Debug|Any CPU
		{933C3722-7FBE-4D3A-AAF7-169F7D238E01}.Release|Any CPU.ActiveCfg = Release|Any CPU
		{933C3722-7FBE-4D3A-AAF7-169F7D238E01}.Release|Any CPU.Build.0 = Release|Any CPU
	EndGlobalSection
	GlobalSection(SolutionProperties) = preSolution
		HideSolutionNode = FALSE
	EndGlobalSection
	GlobalSection(ExtensibilityGlobals) = postSolution
		SolutionGuid = {586B32C6-D5CC-4025-ABF7-52B6DBA9408A}
	EndGlobalSection
EndGlobal
